
Microsoft Visual Studio Solution File, Format Version 12.00
Project("{FAE04EC0-301F-11D3-BF4B-00C04F79EFBC}") = "HyperUnity", "HyperUnity.csproj", "{0112E723-1325-48CD-BC40-8F82C933DE8A}"
EndProject
Global
	GlobalSection(SolutionConfigurationPlatforms) = preSolution
		Debug|Any CPU = Debug|Any CPU
		Release|Any CPU = Release|Any CPU
	EndGlobalSection
	GlobalSection(ProjectConfigurationPlatforms) = postSolution
		{0112E723-1325-48CD-BC40-8F82C933DE8A}.Debug|Any CPU.ActiveCfg = Debug|Any CPU
		{0112E723-1325-48CD-BC40-8F82C933DE8A}.Debug|Any CPU.Build.0 = Debug|Any CPU
		{0112E723-1325-48CD-BC40-8F82C933DE8A}.Release|Any CPU.ActiveCfg = Release|Any CPU
		{0112E723-1325-48CD-BC40-8F82C933DE8A}.Release|Any CPU.Build.0 = Release|Any CPU
	EndGlobalSection
EndGlobal
